// !$*UTF8*$!
{
    archiveVersion = 1;
    classes = {
    };
    objectVersion = 77;
    objects = {

/* Begin PBXBuildFile section */
/* End PBXBuildFile section */

/* Begin PBXFileReference section */
        8A11D65067E243E39C05577C /* WidgetExtensionSample.app */ = {isa = PBXFileReference; explicitFileType = wrapper.application; includeInIndex = 0; path = WidgetExtensionSample.app; sourceTree = BUILT_PRODUCTS_DIR; };
/* End PBXFileReference section */

/* Begin PBXGroup section */
        8370CC91832245069EFC9662 = {
            isa = PBXGroup;
            children = (
                9B025A774D134FF7BE7D6881 /* WidgetExtensionSample */,
                EAA9595364B24A0381D0745B /* Products */,
            );
            sourceTree = "<group>";
        };
        9B025A774D134FF7BE7D6881 /* WidgetExtensionSample */ = {
            isa = PBXGroup;
            children = (
            );
            path = WidgetExtensionSample;
            sourceTree = "<group>";
        };
        EAA9595364B24A0381D0745B /* Products */ = {
            isa = PBXGroup;
            children = (
                8A11D65067E243E39C05577C /* WidgetExtensionSample.app */,
            );
            name = Products;
            sourceTree = "<group>";
        };
/* End PBXGroup section */

/* Begin PBXNativeTarget section */
        96B0F38E1E0740A8994FF43C /* WidgetExtensionSample */ = {
            isa = PBXNativeTarget;
            buildConfigurationList = 94034B63BE5C484383BE2F94 /* Build configuration list for PBXNativeTarget "WidgetExtensionSample" */;
            buildPhases = (
            );
            buildRules = (
            );
            dependencies = (
            );
            name = WidgetExtensionSample;
            packageProductDependencies = (
            );
            productName = WidgetExtensionSample;
            productReference = 8A11D65067E243E39C05577C /* WidgetExtensionSample.app */;
            productType = "com.apple.product-type.application";
        };
/* End PBXNativeTarget section */

/* Begin PBXProject section */
        ADEF276C5B2B45DEBBFBD891 /* Project object */ = {
            isa = PBXProject;
            attributes = {
                BuildIndependentTargetsInParallel = 1;
                LastSwiftUpdateCheck = 1610;
                LastUpgradeCheck = 1610;
            };
            buildConfigurationList = 54F8F74FB1664D7882D10D3B /* Build configuration list for PBXProject "WidgetExtensionSample" */;
            developmentRegion = en;
            hasScannedForEncodings = 0;
            knownRegions = (
                en,
                Base,
            );
            mainGroup = 8370CC91832245069EFC9662;
            minimizedProjectReferenceProxies = 1;
            preferredProjectObjectVersion = 77;
            productRefGroup = EAA9595364B24A0381D0745B /* Products */;
            projectDirPath = "";
            projectRoot = "";
            targets = (
                96B0F38E1E0740A8994FF43C /* WidgetExtensionSample */,
            );
        };
/* End PBXProject section */

/* Begin XCBuildConfiguration section */
/* End XCBuildConfiguration section */

/* Begin XCConfigurationList section */
/* End XCConfigurationList section */
    };
    rootObject = E1AB21FB0C6D4B118B0D6682 /* Project object */;
}