// !$*UTF8*$!
{
    archiveVersion = 1;
    classes = {
    };
    objectVersion = 77;
    objects = {

/* Begin PBXBuildFile section */
/* End PBXBuildFile section */

/* Begin PBXFileReference section */
        1C7B7BEC09184C1A932DABAA /* UITestBundleSample.app */ = {isa = PBXFileReference; explicitFileType = wrapper.application; includeInIndex = 0; path = UITestBundleSample.app; sourceTree = BUILT_PRODUCTS_DIR; };
/* End PBXFileReference section */

/* Begin PBXGroup section */
        0F254D78D2064CEC9FBE4BEF = {
            isa = PBXGroup;
            children = (
                65D9C665C73F4F5983BB06E0 /* UITestBundleSample */,
                A3C73C9D065D4F52BE6C14E2 /* Products */,
            );
            sourceTree = "<group>";
        };
        65D9C665C73F4F5983BB06E0 /* UITestBundleSample */ = {
            isa = PBXGroup;
            children = (
            );
            path = UITestBundleSample;
            sourceTree = "<group>";
        };
        A3C73C9D065D4F52BE6C14E2 /* Products */ = {
            isa = PBXGroup;
            children = (
                1C7B7BEC09184C1A932DABAA /* UITestBundleSample.app */,
            );
            name = Products;
            sourceTree = "<group>";
        };
/* End PBXGroup section */

/* Begin PBXNativeTarget section */
        5C48AF698A39485E95CE7DDE /* UITestBundleSample */ = {
            isa = PBXNativeTarget;
            buildConfigurationList = 785B779D1B314B2CB15A89FA /* Build configuration list for PBXNativeTarget "UITestBundleSample" */;
            buildPhases = (
            );
            buildRules = (
            );
            dependencies = (
            );
            name = UITestBundleSample;
            packageProductDependencies = (
            );
            productName = UITestBundleSample;
            productReference = 1C7B7BEC09184C1A932DABAA /* UITestBundleSample.app */;
            productType = "com.apple.product-type.application";
        };
/* End PBXNativeTarget section */

/* Begin PBXProject section */
        E926B153224A46A29134F5D9 /* Project object */ = {
            isa = PBXProject;
            attributes = {
                BuildIndependentTargetsInParallel = 1;
                LastSwiftUpdateCheck = 1610;
                LastUpgradeCheck = 1610;
            };
            buildConfigurationList = DD43D46E3F5C45B1A6A57FD5 /* Build configuration list for PBXProject "UITestBundleSample" */;
            developmentRegion = en;
            hasScannedForEncodings = 0;
            knownRegions = (
                en,
                Base,
            );
            mainGroup = 0F254D78D2064CEC9FBE4BEF;
            minimizedProjectReferenceProxies = 1;
            preferredProjectObjectVersion = 77;
            productRefGroup = A3C73C9D065D4F52BE6C14E2 /* Products */;
            projectDirPath = "";
            projectRoot = "";
            targets = (
                5C48AF698A39485E95CE7DDE /* UITestBundleSample */,
            );
        };
/* End PBXProject section */

/* Begin XCBuildConfiguration section */
/* End XCBuildConfiguration section */

/* Begin XCConfigurationList section */
/* End XCConfigurationList section */
    };
    rootObject = 2EE9617299F048F3ACA58EB5 /* Project object */;
}