// !$*UTF8*$!
{
    archiveVersion = 1;
    classes = {
    };
    objectVersion = 77;
    objects = {

/* Begin PBXBuildFile section */
/* End PBXBuildFile section */

/* Begin PBXFileReference section */
        5EB8F728BBF64E429B3CA27F /* UnitTestBundleSample.app */ = {isa = PBXFileReference; explicitFileType = wrapper.application; includeInIndex = 0; path = UnitTestBundleSample.app; sourceTree = BUILT_PRODUCTS_DIR; };
/* End PBXFileReference section */

/* Begin PBXGroup section */
        A2F7E0AC52924629ADB73F87 = {
            isa = PBXGroup;
            children = (
                F98824432DD041A18D40D399 /* UnitTestBundleSample */,
                B3DB92D6E81946CD8FAD73AD /* Products */,
            );
            sourceTree = "<group>";
        };
        F98824432DD041A18D40D399 /* UnitTestBundleSample */ = {
            isa = PBXGroup;
            children = (
            );
            path = UnitTestBundleSample;
            sourceTree = "<group>";
        };
        B3DB92D6E81946CD8FAD73AD /* Products */ = {
            isa = PBXGroup;
            children = (
                5EB8F728BBF64E429B3CA27F /* UnitTestBundleSample.app */,
            );
            name = Products;
            sourceTree = "<group>";
        };
/* End PBXGroup section */

/* Begin PBXNativeTarget section */
        E91B8B82C10844BF95EC6553 /* UnitTestBundleSample */ = {
            isa = PBXNativeTarget;
            buildConfigurationList = E88DF3E045CF45BFA4795048 /* Build configuration list for PBXNativeTarget "UnitTestBundleSample" */;
            buildPhases = (
            );
            buildRules = (
            );
            dependencies = (
            );
            name = UnitTestBundleSample;
            packageProductDependencies = (
            );
            productName = UnitTestBundleSample;
            productReference = 5EB8F728BBF64E429B3CA27F /* UnitTestBundleSample.app */;
            productType = "com.apple.product-type.application";
        };
/* End PBXNativeTarget section */

/* Begin PBXProject section */
        E0AD73D00DC5477FB72A9C3B /* Project object */ = {
            isa = PBXProject;
            attributes = {
                BuildIndependentTargetsInParallel = 1;
                LastSwiftUpdateCheck = 1610;
                LastUpgradeCheck = 1610;
            };
            buildConfigurationList = 64BCA4CD73364167A9366B70 /* Build configuration list for PBXProject "UnitTestBundleSample" */;
            developmentRegion = en;
            hasScannedForEncodings = 0;
            knownRegions = (
                en,
                Base,
            );
            mainGroup = A2F7E0AC52924629ADB73F87;
            minimizedProjectReferenceProxies = 1;
            preferredProjectObjectVersion = 77;
            productRefGroup = B3DB92D6E81946CD8FAD73AD /* Products */;
            projectDirPath = "";
            projectRoot = "";
            targets = (
                E91B8B82C10844BF95EC6553 /* UnitTestBundleSample */,
            );
        };
/* End PBXProject section */

/* Begin XCBuildConfiguration section */
/* End XCBuildConfiguration section */

/* Begin XCConfigurationList section */
/* End XCConfigurationList section */
    };
    rootObject = 6830A57D1B094F87A1ECD47A /* Project object */;
}