// !$*UTF8*$!
{
    archiveVersion = 1;
    classes = {
    };
    objectVersion = 77;
    objects = {

/* Begin PBXBuildFile section */
/* End PBXBuildFile section */

/* Begin PBXFileReference section */
        7A2409EB43F443C5A4C4DACA /* GameProject.app */ = {isa = PBXFileReference; explicitFileType = wrapper.application; includeInIndex = 0; path = GameProject.app; sourceTree = BUILT_PRODUCTS_DIR; };
/* End PBXFileReference section */

/* Begin PBXGroup section */
        E7F9001385A04F71B8BD6D55 = {
            isa = PBXGroup;
            children = (
                A0DBCE2C943A4227B91AE1A1 /* GameProject */,
                846FD9DE6D424F35A3B1E31C /* Products */,
            );
            sourceTree = "<group>";
        };
        A0DBCE2C943A4227B91AE1A1 /* GameProject */ = {
            isa = PBXGroup;
            children = (
            );
            path = GameProject;
            sourceTree = "<group>";
        };
        846FD9DE6D424F35A3B1E31C /* Products */ = {
            isa = PBXGroup;
            children = (
                7A2409EB43F443C5A4C4DACA /* GameProject.app */,
            );
            name = Products;
            sourceTree = "<group>";
        };
/* End PBXGroup section */

/* Begin PBXNativeTarget section */
        2ED694BCF3B9489C97680082 /* GameProject */ = {
            isa = PBXNativeTarget;
            buildConfigurationList = 0DE43B6F6FF44167985A3434 /* Build configuration list for PBXNativeTarget "GameProject" */;
            buildPhases = (
            );
            buildRules = (
            );
            dependencies = (
            );
            name = GameProject;
            packageProductDependencies = (
            );
            productName = GameProject;
            productReference = 7A2409EB43F443C5A4C4DACA /* GameProject.app */;
            productType = "com.apple.product-type.application";
        };
/* End PBXNativeTarget section */

/* Begin PBXProject section */
        BF07C50F78C1494199177C39 /* Project object */ = {
            isa = PBXProject;
            attributes = {
                BuildIndependentTargetsInParallel = 1;
                LastSwiftUpdateCheck = 1610;
                LastUpgradeCheck = 1610;
            };
            buildConfigurationList = ADD57E9C5F7D4652BEEB356F /* Build configuration list for PBXProject "GameProject" */;
            developmentRegion = en;
            hasScannedForEncodings = 0;
            knownRegions = (
                en,
                Base,
            );
            mainGroup = E7F9001385A04F71B8BD6D55;
            minimizedProjectReferenceProxies = 1;
            preferredProjectObjectVersion = 77;
            productRefGroup = 846FD9DE6D424F35A3B1E31C /* Products */;
            projectDirPath = "";
            projectRoot = "";
            targets = (
                2ED694BCF3B9489C97680082 /* GameProject */,
            );
        };
/* End PBXProject section */

/* Begin XCBuildConfiguration section */
/* End XCBuildConfiguration section */

/* Begin XCConfigurationList section */
/* End XCConfigurationList section */
    };
    rootObject = C28FC15D1F6747C9B49825D7 /* Project object */;
}