// !$*UTF8*$!
{
    archiveVersion = 1;
    classes = {
    };
    objectVersion = 77;
    objects = {

/* Begin PBXBuildFile section */
/* End PBXBuildFile section */

/* Begin PBXFileReference section */
        F4941E1396004C94BBA5FF75 /* EmptyProject.app */ = {isa = PBXFileReference; explicitFileType = wrapper.application; includeInIndex = 0; path = EmptyProject.app; sourceTree = BUILT_PRODUCTS_DIR; };
/* End PBXFileReference section */

/* Begin PBXGroup section */
        018390748DF84B84BADBE046 = {
            isa = PBXGroup;
            children = (
                C1E223D3A50E4A19B6031AA2 /* EmptyProject */,
                33A630E096B745D59A7DDD10 /* Products */,
            );
            sourceTree = "<group>";
        };
        C1E223D3A50E4A19B6031AA2 /* EmptyProject */ = {
            isa = PBXGroup;
            children = (
            );
            path = EmptyProject;
            sourceTree = "<group>";
        };
        33A630E096B745D59A7DDD10 /* Products */ = {
            isa = PBXGroup;
            children = (
                F4941E1396004C94BBA5FF75 /* EmptyProject.app */,
            );
            name = Products;
            sourceTree = "<group>";
        };
/* End PBXGroup section */

/* Begin PBXNativeTarget section */
        EC293C40226842B3BFDA47B1 /* EmptyProject */ = {
            isa = PBXNativeTarget;
            buildConfigurationList = A8A67DC5E2254BD3A3223906 /* Build configuration list for PBXNativeTarget "EmptyProject" */;
            buildPhases = (
            );
            buildRules = (
            );
            dependencies = (
            );
            name = EmptyProject;
            packageProductDependencies = (
            );
            productName = EmptyProject;
            productReference = F4941E1396004C94BBA5FF75 /* EmptyProject.app */;
            productType = "com.apple.product-type.application";
        };
/* End PBXNativeTarget section */

/* Begin PBXProject section */
        FDB6578FEC574A1381803B57 /* Project object */ = {
            isa = PBXProject;
            attributes = {
                BuildIndependentTargetsInParallel = 1;
                LastSwiftUpdateCheck = 1610;
                LastUpgradeCheck = 1610;
            };
            buildConfigurationList = ABE17A29A2944CCCA45F1BD2 /* Build configuration list for PBXProject "EmptyProject" */;
            developmentRegion = en;
            hasScannedForEncodings = 0;
            knownRegions = (
                en,
                Base,
            );
            mainGroup = 018390748DF84B84BADBE046;
            minimizedProjectReferenceProxies = 1;
            preferredProjectObjectVersion = 77;
            productRefGroup = 33A630E096B745D59A7DDD10 /* Products */;
            projectDirPath = "";
            projectRoot = "";
            targets = (
                EC293C40226842B3BFDA47B1 /* EmptyProject */,
            );
        };
/* End PBXProject section */

/* Begin XCBuildConfiguration section */
/* End XCBuildConfiguration section */

/* Begin XCConfigurationList section */
/* End XCConfigurationList section */
    };
    rootObject = E4EFFDC7BD934521A4AE6AEA /* Project object */;
}