// !$*UTF8*$!
{
    archiveVersion = 1;
    classes = {
    };
    objectVersion = 77;
    objects = {

/* Begin PBXBuildFile section */
/* End PBXBuildFile section */

/* Begin PBXFileReference section */
        30E0E265A81C4BFBAED96326 /* MyFramework.app */ = {isa = PBXFileReference; explicitFileType = wrapper.application; includeInIndex = 0; path = MyFramework.app; sourceTree = BUILT_PRODUCTS_DIR; };
/* End PBXFileReference section */

/* Begin PBXGroup section */
        3C58E287239B4AF68F6457D1 = {
            isa = PBXGroup;
            children = (
                6380859FACFD48E587AE9CE2 /* MyFramework */,
                58DB1C47B6674562911B5240 /* Products */,
            );
            sourceTree = "<group>";
        };
        6380859FACFD48E587AE9CE2 /* MyFramework */ = {
            isa = PBXGroup;
            children = (
            );
            path = MyFramework;
            sourceTree = "<group>";
        };
        58DB1C47B6674562911B5240 /* Products */ = {
            isa = PBXGroup;
            children = (
                30E0E265A81C4BFBAED96326 /* MyFramework.app */,
            );
            name = Products;
            sourceTree = "<group>";
        };
/* End PBXGroup section */

/* Begin PBXNativeTarget section */
        AA5D3BF0017C44EB857C3254 /* MyFramework */ = {
            isa = PBXNativeTarget;
            buildConfigurationList = E72CD8F10B86437F856BEB1D /* Build configuration list for PBXNativeTarget "MyFramework" */;
            buildPhases = (
            );
            buildRules = (
            );
            dependencies = (
            );
            name = MyFramework;
            packageProductDependencies = (
            );
            productName = MyFramework;
            productReference = 30E0E265A81C4BFBAED96326 /* MyFramework.app */;
            productType = "com.apple.product-type.application";
        };
/* End PBXNativeTarget section */

/* Begin PBXProject section */
        6E38223DEEF94ED697C14EAA /* Project object */ = {
            isa = PBXProject;
            attributes = {
                BuildIndependentTargetsInParallel = 1;
                LastSwiftUpdateCheck = 1610;
                LastUpgradeCheck = 1610;
            };
            buildConfigurationList = 87906137320D4B71BB99F80D /* Build configuration list for PBXProject "MyFramework" */;
            developmentRegion = en;
            hasScannedForEncodings = 0;
            knownRegions = (
                en,
                Base,
            );
            mainGroup = 3C58E287239B4AF68F6457D1;
            minimizedProjectReferenceProxies = 1;
            preferredProjectObjectVersion = 77;
            productRefGroup = 58DB1C47B6674562911B5240 /* Products */;
            projectDirPath = "";
            projectRoot = "";
            targets = (
                AA5D3BF0017C44EB857C3254 /* MyFramework */,
            );
        };
/* End PBXProject section */

/* Begin XCBuildConfiguration section */
/* End XCBuildConfiguration section */

/* Begin XCConfigurationList section */
/* End XCConfigurationList section */
    };
    rootObject = 83E69FB6B1E24CD893F7D915 /* Project object */;
}